schema: '2.0'
stages:
  preprocess:
    cmd: python src/data/preprocess.py --input 
      data/raw/dataset_ProjetML_2026.csv --output 
      data/processed/dataset_clean.csv --models models
    deps:
    - path: data/raw/dataset_ProjetML_2026.csv
      hash: md5
      md5: ebca3e2a097a475cee3af2c152e90164
      size: 2586532
    - path: src/data/preprocess.py
      hash: md5
      md5: 62f21b20325753d6651f6c23f0436eaa
      size: 4166
    params:
      params.yaml:
        preprocess.iqr_factor: 3.0
        preprocess.knn_neighbors: 5
    outs:
    - path: data/processed/dataset_clean.csv
      hash: md5
      md5: 6c121ba6c478d108f3b1f2f7cc431ddb
      size: 2140891
